
Microsoft Visual Studio Solution File, Format Version 12.00
# Visual Studio Version 17
VisualStudioVersion = 17.5.002.0
MinimumVisualStudioVersion = 10.0.40219.1
Project("{9A19103F-16F7-4668-BE54-9A1E7A4F7556}") = "basics", "basics.csproj", "{BAEAEBA0-F3B5-4621-8DE0-50CDEE4BE9AB}"
EndProject
Global
	GlobalSection(SolutionConfigurationPlatforms) = preSolution
		Debug|Any CPU = Debug|Any CPU
		Release|Any CPU = Release|Any CPU
	EndGlobalSection
	GlobalSection(ProjectConfigurationPlatforms) = postSolution
		{BAEAEBA0-F3B5-4621-8DE0-50CDEE4BE9AB}.Debug|Any CPU.ActiveCfg = Debug|Any CPU
		{BAEAEBA0-F3B5-4621-8DE0-50CDEE4BE9AB}.Debug|Any CPU.Build.0 = Debug|Any CPU
		{BAEAEBA0-F3B5-4621-8DE0-50CDEE4BE9AB}.Release|Any CPU.ActiveCfg = Release|Any CPU
		{BAEAEBA0-F3B5-4621-8DE0-50CDEE4BE9AB}.Release|Any CPU.Build.0 = Release|Any CPU
	EndGlobalSection
	GlobalSection(SolutionProperties) = preSolution
		HideSolutionNode = FALSE
	EndGlobalSection
	GlobalSection(ExtensibilityGlobals) = postSolution
		SolutionGuid = {A6672220-B0F6-4C0C-B1B6-A295747AA3F4}
	EndGlobalSection
EndGlobal
